// !$*UTF8*$!
{
	archiveVersion = 1;
	classes = {
	};
	objectVersion = 46;
	objects = {

/* Begin PBXBuildFile section */
		7D95A990173E1FB800AE7973 /* UIKit.framework in Frameworks */ = {isa = PBXBuildFile; fileRef = 7D95A98F173E1FB800AE7973 /* UIKit.framework */; };
		7D95A992173E1FB800AE7973 /* Foundation.framework in Frameworks */ = {isa = PBXBuildFile; fileRef = 7D95A991173E1FB800AE7973 /* Foundation.framework */; };
		7D95A994173E1FB800AE7973 /* CoreGraphics.framework in Frameworks */ = {isa = PBXBuildFile; fileRef = 7D95A993173E1FB800AE7973 /* CoreGraphics.framework */; };
		7D95A99A173E1FB800AE7973 /* InfoPlist.strings in Resources */ = {isa = PBXBuildFile; fileRef = 7D95A998173E1FB800AE7973 /* InfoPlist.strings */; };
		7D95A99C173E1FB800AE7973 /* main.m in Sources */ = {isa = PBXBuildFile; fileRef = 7D95A99B173E1FB800AE7973 /* main.m */; };
		7D95A9A0173E1FB800AE7973 /* AppDelegate.m in Sources */ = {isa = PBXBuildFile; fileRef = 7D95A99F173E1FB800AE7973 /* AppDelegate.m */; };
		7D95A9A2173E1FB800AE7973 /* Default.png in Resources */ = {isa = PBXBuildFile; fileRef = 7D95A9A1173E1FB800AE7973 /* Default.png */; };
		7D95A9A4173E1FB800AE7973 /* Default@2x.png in Resources */ = {isa = PBXBuildFile; fileRef = 7D95A9A3173E1FB800AE7973 /* Default@2x.png */; };
		7D95A9A6173E1FB900AE7973 /* Default-568h@2x.png in Resources */ = {isa = PBXBuildFile; fileRef = 7D95A9A5173E1FB800AE7973 /* Default-568h@2x.png */; };
		7D95A9A9173E1FB900AE7973 /* MainStoryboard.storyboard in Resources */ = {isa = PBXBuildFile; fileRef = 7D95A9A7173E1FB900AE7973 /* MainStoryboard.storyboard */; };
		7D95A9AC173E1FB900AE7973 /* ViewController.m in Sources */ = {isa = PBXBuildFile; fileRef = 7D95A9AB173E1FB900AE7973 /* ViewController.m */; };
		7DB15A521768905700D3A9AF /* simpleChat.zip in Resources */ = {isa = PBXBuildFile; fileRef = 7DB15A511768905700D3A9AF /* simpleChat.zip */; };
		7DEC6E27173E2D1A0016A378 /* DataSource.m in Sources */ = {isa = PBXBuildFile; fileRef = 7DEC6E26173E2D1A0016A378 /* DataSource.m */; };
		7DEC6E2D173E2D330016A378 /* UploadDatabase.m in Sources */ = {isa = PBXBuildFile; fileRef = 7DEC6E2A173E2D330016A378 /* UploadDatabase.m */; };
		7DEC6E2E173E2D330016A378 /* PutInfoClass.m in Sources */ = {isa = PBXBuildFile; fileRef = 7DEC6E2C173E2D330016A378 /* PutInfoClass.m */; };
		7DEC6E31173E2D6D0016A378 /* getWebService.m in Sources */ = {isa = PBXBuildFile; fileRef = 7DEC6E30173E2D6D0016A378 /* getWebService.m */; };
		7DEC6E38173E33410016A378 /* reference_Class.m in Sources */ = {isa = PBXBuildFile; fileRef = 7DEC6E37173E33410016A378 /* reference_Class.m */; };
		7DEC6E3F173E34490016A378 /* SignViewController.m in Sources */ = {isa = PBXBuildFile; fileRef = 7DEC6E3E173E34490016A378 /* SignViewController.m */; };
/* End PBXBuildFile section */

/* Begin PBXFileReference section */
		7D95A98B173E1FB800AE7973 /* GitExample.app */ = {isa = PBXFileReference; explicitFileType = wrapper.application; includeInIndex = 0; path = GitExample.app; sourceTree = BUILT_PRODUCTS_DIR; };
		7D95A98F173E1FB800AE7973 /* UIKit.framework */ = {isa = PBXFileReference; lastKnownFileType = wrapper.framework; name = UIKit.framework; path = System/Library/Frameworks/UIKit.framework; sourceTree = SDKROOT; };
		7D95A991173E1FB800AE7973 /* Foundation.framework */ = {isa = PBXFileReference; lastKnownFileType = wrapper.framework; name = Foundation.framework; path = System/Library/Frameworks/Foundation.framework; sourceTree = SDKROOT; };
		7D95A993173E1FB800AE7973 /* CoreGraphics.framework */ = {isa = PBXFileReference; lastKnownFileType = wrapper.framework; name = CoreGraphics.framework; path = System/Library/Frameworks/CoreGraphics.framework; sourceTree = SDKROOT; };
		7D95A997173E1FB800AE7973 /* GitExample-Info.plist */ = {isa = PBXFileReference; lastKnownFileType = text.plist.xml; path = "GitExample-Info.plist"; sourceTree = "<group>"; };
		7D95A999173E1FB800AE7973 /* en */ = {isa = PBXFileReference; lastKnownFileType = text.plist.strings; name = en; path = en.lproj/InfoPlist.strings; sourceTree = "<group>"; };
		7D95A99B173E1FB800AE7973 /* main.m */ = {isa = PBXFileReference; lastKnownFileType = sourcecode.c.objc; path = main.m; sourceTree = "<group>"; };
		7D95A99D173E1FB800AE7973 /* GitExample-Prefix.pch */ = {isa = PBXFileReference; lastKnownFileType = sourcecode.c.h; path = "GitExample-Prefix.pch"; sourceTree = "<group>"; };
		7D95A99E173E1FB800AE7973 /* AppDelegate.h */ = {isa = PBXFileReference; lastKnownFileType = sourcecode.c.h; path = AppDelegate.h; sourceTree = "<group>"; };
		7D95A99F173E1FB800AE7973 /* AppDelegate.m */ = {isa = PBXFileReference; lastKnownFileType = sourcecode.c.objc; path = AppDelegate.m; sourceTree = "<group>"; };
		7D95A9A1173E1FB800AE7973 /* Default.png */ = {isa = PBXFileReference; lastKnownFileType = image.png; path = Default.png; sourceTree = "<group>"; };
		7D95A9A3173E1FB800AE7973 /* Default@2x.png */ = {isa = PBXFileReference; lastKnownFileType = image.png; path = "Default@2x.png"; sourceTree = "<group>"; };
		7D95A9A5173E1FB800AE7973 /* Default-568h@2x.png */ = {isa = PBXFileReference; lastKnownFileType = image.png; path = "Default-568h@2x.png"; sourceTree = "<group>"; };
		7D95A9A8173E1FB900AE7973 /* en */ = {isa = PBXFileReference; lastKnownFileType = file.storyboard; name = en; path = en.lproj/MainStoryboard.storyboard; sourceTree = "<group>"; };
		7D95A9AA173E1FB900AE7973 /* ViewController.h */ = {isa = PBXFileReference; lastKnownFileType = sourcecode.c.h; path = ViewController.h; sourceTree = "<group>"; };
		7D95A9AB173E1FB900AE7973 /* ViewController.m */ = {isa = PBXFileReference; lastKnownFileType = sourcecode.c.objc; path = ViewController.m; sourceTree = "<group>"; };
		7DB15A511768905700D3A9AF /* simpleChat.zip */ = {isa = PBXFileReference; lastKnownFileType = archive.zip; path = simpleChat.zip; sourceTree = "<group>"; };
		7DEC6E24173E2D1A0016A378 /* ElogBooksAppDelegate.h */ = {isa = PBXFileReference; fileEncoding = 4; lastKnownFileType = sourcecode.c.h; path = ElogBooksAppDelegate.h; sourceTree = "<group>"; };
		7DEC6E25173E2D1A0016A378 /* DataSource.h */ = {isa = PBXFileReference; fileEncoding = 4; lastKnownFileType = sourcecode.c.h; path = DataSource.h; sourceTree = "<group>"; };
		7DEC6E26173E2D1A0016A378 /* DataSource.m */ = {isa = PBXFileReference; fileEncoding = 4; lastKnownFileType = sourcecode.c.objc; path = DataSource.m; sourceTree = "<group>"; };
		7DEC6E29173E2D330016A378 /* UploadDatabase.h */ = {isa = PBXFileReference; fileEncoding = 4; lastKnownFileType = sourcecode.c.h; path = UploadDatabase.h; sourceTree = "<group>"; };
		7DEC6E2A173E2D330016A378 /* UploadDatabase.m */ = {isa = PBXFileReference; fileEncoding = 4; lastKnownFileType = sourcecode.c.objc; path = UploadDatabase.m; sourceTree = "<group>"; };
		7DEC6E2B173E2D330016A378 /* PutInfoClass.h */ = {isa = PBXFileReference; fileEncoding = 4; lastKnownFileType = sourcecode.c.h; path = PutInfoClass.h; sourceTree = "<group>"; };
		7DEC6E2C173E2D330016A378 /* PutInfoClass.m */ = {isa = PBXFileReference; fileEncoding = 4; lastKnownFileType = sourcecode.c.objc; path = PutInfoClass.m; sourceTree = "<group>"; };
		7DEC6E2F173E2D6D0016A378 /* getWebService.h */ = {isa = PBXFileReference; fileEncoding = 4; lastKnownFileType = sourcecode.c.h; path = getWebService.h; sourceTree = "<group>"; };
		7DEC6E30173E2D6D0016A378 /* getWebService.m */ = {isa = PBXFileReference; fileEncoding = 4; lastKnownFileType = sourcecode.c.objc; path = getWebService.m; sourceTree = "<group>"; };
		7DEC6E36173E33410016A378 /* reference_Class.h */ = {isa = PBXFileReference; fileEncoding = 4; lastKnownFileType = sourcecode.c.h; path = reference_Class.h; sourceTree = "<group>"; };
		7DEC6E37173E33410016A378 /* reference_Class.m */ = {isa = PBXFileReference; fileEncoding = 4; lastKnownFileType = sourcecode.c.objc; path = reference_Class.m; sourceTree = "<group>"; };
		7DEC6E3D173E34490016A378 /* SignViewController.h */ = {isa = PBXFileReference; fileEncoding = 4; lastKnownFileType = sourcecode.c.h; path = SignViewController.h; sourceTree = "<group>"; };
		7DEC6E3E173E34490016A378 /* SignViewController.m */ = {isa = PBXFileReference; fileEncoding = 4; lastKnownFileType = sourcecode.c.objc; path = SignViewController.m; sourceTree = "<group>"; };
/* End PBXFileReference section */

/* Begin PBXFrameworksBuildPhase section */
		7D95A988173E1FB800AE7973 /* Frameworks */ = {
			isa = PBXFrameworksBuildPhase;
			buildActionMask = 2147483647;
			files = (
				7D95A990173E1FB800AE7973 /* UIKit.framework in Frameworks */,
				7D95A992173E1FB800AE7973 /* Foundation.framework in Frameworks */,
				7D95A994173E1FB800AE7973 /* CoreGraphics.framework in Frameworks */,
			);
			runOnlyForDeploymentPostprocessing = 0;
		};
/* End PBXFrameworksBuildPhase section */

/* Begin PBXGroup section */
		7D95A980173E1FB800AE7973 = {
			isa = PBXGroup;
			children = (
				7D95A995173E1FB800AE7973 /* GitExample */,
				7D95A98E173E1FB800AE7973 /* Frameworks */,
				7D95A98C173E1FB800AE7973 /* Products */,
			);
			sourceTree = "<group>";
		};
		7D95A98C173E1FB800AE7973 /* Products */ = {
			isa = PBXGroup;
			children = (
				7D95A98B173E1FB800AE7973 /* GitExample.app */,
			);
			name = Products;
			sourceTree = "<group>";
		};
		7D95A98E173E1FB800AE7973 /* Frameworks */ = {
			isa = PBXGroup;
			children = (
				7D95A98F173E1FB800AE7973 /* UIKit.framework */,
				7D95A991173E1FB800AE7973 /* Foundation.framework */,
				7D95A993173E1FB800AE7973 /* CoreGraphics.framework */,
			);
			name = Frameworks;
			sourceTree = "<group>";
		};
		7D95A995173E1FB800AE7973 /* GitExample */ = {
			isa = PBXGroup;
			children = (
				7D95A99E173E1FB800AE7973 /* AppDelegate.h */,
				7D95A99F173E1FB800AE7973 /* AppDelegate.m */,
				7D95A9A7173E1FB900AE7973 /* MainStoryboard.storyboard */,
				7D95A9AA173E1FB900AE7973 /* ViewController.h */,
				7D95A9AB173E1FB900AE7973 /* ViewController.m */,
				7DEC6E24173E2D1A0016A378 /* ElogBooksAppDelegate.h */,
				7DEC6E25173E2D1A0016A378 /* DataSource.h */,
				7DEC6E26173E2D1A0016A378 /* DataSource.m */,
				7DEC6E29173E2D330016A378 /* UploadDatabase.h */,
				7DEC6E2A173E2D330016A378 /* UploadDatabase.m */,
				7DEC6E2B173E2D330016A378 /* PutInfoClass.h */,
				7DEC6E2C173E2D330016A378 /* PutInfoClass.m */,
				7DEC6E2F173E2D6D0016A378 /* getWebService.h */,
				7DEC6E30173E2D6D0016A378 /* getWebService.m */,
				7D95A996173E1FB800AE7973 /* Supporting Files */,
			);
			path = GitExample;
			sourceTree = "<group>";
		};
		7D95A996173E1FB800AE7973 /* Supporting Files */ = {
			isa = PBXGroup;
			children = (
				7DB15A511768905700D3A9AF /* simpleChat.zip */,
				7DEC6E3D173E34490016A378 /* SignViewController.h */,
				7DEC6E3E173E34490016A378 /* SignViewController.m */,
				7D95A997173E1FB800AE7973 /* GitExample-Info.plist */,
				7D95A998173E1FB800AE7973 /* InfoPlist.strings */,
				7D95A99B173E1FB800AE7973 /* main.m */,
				7D95A99D173E1FB800AE7973 /* GitExample-Prefix.pch */,
				7D95A9A1173E1FB800AE7973 /* Default.png */,
				7D95A9A3173E1FB800AE7973 /* Default@2x.png */,
				7D95A9A5173E1FB800AE7973 /* Default-568h@2x.png */,
				7DEC6E36173E33410016A378 /* reference_Class.h */,
				7DEC6E37173E33410016A378 /* reference_Class.m */,
			);
			name = "Supporting Files";
			sourceTree = "<group>";
		};
/* End PBXGroup section */

/* Begin PBXNativeTarget section */
		7D95A98A173E1FB800AE7973 /* GitExample */ = {
			isa = PBXNativeTarget;
			buildConfigurationList = 7D95A9AF173E1FB900AE7973 /* Build configuration list for PBXNativeTarget "GitExample" */;
			buildPhases = (
				7D95A987173E1FB800AE7973 /* Sources */,
				7D95A988173E1FB800AE7973 /* Frameworks */,
				7D95A989173E1FB800AE7973 /* Resources */,
			);
			buildRules = (
			);
			dependencies = (
			);
			name = GitExample;
			productName = GitExample;
			productReference = 7D95A98B173E1FB800AE7973 /* GitExample.app */;
			productType = "com.apple.product-type.application";
		};
/* End PBXNativeTarget section */

/* Begin PBXProject section */
		7D95A982173E1FB800AE7973 /* Project object */ = {
			isa = PBXProject;
			attributes = {
				LastUpgradeCheck = 0450;
				ORGANIZATIONNAME = Vikas;
			};
			buildConfigurationList = 7D95A985173E1FB800AE7973 /* Build configuration list for PBXProject "GitExample" */;
			compatibilityVersion = "Xcode 3.2";
			developmentRegion = English;
			hasScannedForEncodings = 0;
			knownRegions = (
				en,
			);
			mainGroup = 7D95A980173E1FB800AE7973;
			productRefGroup = 7D95A98C173E1FB800AE7973 /* Products */;
			projectDirPath = "";
			projectRoot = "";
			targets = (
				7D95A98A173E1FB800AE7973 /* GitExample */,
			);
		};
/* End PBXProject section */

/* Begin PBXResourcesBuildPhase section */
		7D95A989173E1FB800AE7973 /* Resources */ = {
			isa = PBXResourcesBuildPhase;
			buildActionMask = 2147483647;
			files = (
				7D95A99A173E1FB800AE7973 /* InfoPlist.strings in Resources */,
				7D95A9A2173E1FB800AE7973 /* Default.png in Resources */,
				7D95A9A4173E1FB800AE7973 /* Default@2x.png in Resources */,
				7D95A9A6173E1FB900AE7973 /* Default-568h@2x.png in Resources */,
				7D95A9A9173E1FB900AE7973 /* MainStoryboard.storyboard in Resources */,
				7DB15A521768905700D3A9AF /* simpleChat.zip in Resources */,
			);
			runOnlyForDeploymentPostprocessing = 0;
		};
/* End PBXResourcesBuildPhase section */

/* Begin PBXSourcesBuildPhase section */
		7D95A987173E1FB800AE7973 /* Sources */ = {
			isa = PBXSourcesBuildPhase;
			buildActionMask = 2147483647;
			files = (
				7D95A99C173E1FB800AE7973 /* main.m in Sources */,
				7D95A9A0173E1FB800AE7973 /* AppDelegate.m in Sources */,
				7D95A9AC173E1FB900AE7973 /* ViewController.m in Sources */,
				7DEC6E27173E2D1A0016A378 /* DataSource.m in Sources */,
				7DEC6E2D173E2D330016A378 /* UploadDatabase.m in Sources */,
				7DEC6E2E173E2D330016A378 /* PutInfoClass.m in Sources */,
				7DEC6E31173E2D6D0016A378 /* getWebService.m in Sources */,
				7DEC6E38173E33410016A378 /* reference_Class.m in Sources */,
				7DEC6E3F173E34490016A378 /* SignViewController.m in Sources */,
			);
			runOnlyForDeploymentPostprocessing = 0;
		};
/* End PBXSourcesBuildPhase section */

/* Begin PBXVariantGroup section */
		7D95A998173E1FB800AE7973 /* InfoPlist.strings */ = {
			isa = PBXVariantGroup;
			children = (
				7D95A999173E1FB800AE7973 /* en */,
			);
			name = InfoPlist.strings;
			sourceTree = "<group>";
		};
		7D95A9A7173E1FB900AE7973 /* MainStoryboard.storyboard */ = {
			isa = PBXVariantGroup;
			children = (
				7D95A9A8173E1FB900AE7973 /* en */,
			);
			name = MainStoryboard.storyboard;
			sourceTree = "<group>";
		};
/* End PBXVariantGroup section */

/* Begin XCBuildConfiguration section */
		7D95A9AD173E1FB900AE7973 /* Debug */ = {
			isa = XCBuildConfiguration;
			buildSettings = {
				ALWAYS_SEARCH_USER_PATHS = NO;
				CLANG_CXX_LANGUAGE_STANDARD = "gnu++0x";
				CLANG_CXX_LIBRARY = "libc++";
				CLANG_ENABLE_OBJC_ARC = YES;
				CLANG_WARN_EMPTY_BODY = YES;
				CLANG_WARN__DUPLICATE_METHOD_MATCH = YES;
				"CODE_SIGN_IDENTITY[sdk=iphoneos*]" = "iPhone Developer";
				COPY_PHASE_STRIP = NO;
				GCC_C_LANGUAGE_STANDARD = gnu99;
				GCC_DYNAMIC_NO_PIC = NO;
				GCC_OPTIMIZATION_LEVEL = 0;
				GCC_PREPROCESSOR_DEFINITIONS = (
					"DEBUG=1",
					"$(inherited)",
				);
				GCC_SYMBOLS_PRIVATE_EXTERN = NO;
				GCC_WARN_ABOUT_RETURN_TYPE = YES;
				GCC_WARN_UNINITIALIZED_AUTOS = YES;
				GCC_WARN_UNUSED_VARIABLE = YES;
				IPHONEOS_DEPLOYMENT_TARGET = 6.0;
				SDKROOT = iphoneos;
			};
			name = Debug;
		};
		7D95A9AE173E1FB900AE7973 /* Release */ = {
			isa = XCBuildConfiguration;
			buildSettings = {
				ALWAYS_SEARCH_USER_PATHS = NO;
				CLANG_CXX_LANGUAGE_STANDARD = "gnu++0x";
				CLANG_CXX_LIBRARY = "libc++";
				CLANG_ENABLE_OBJC_ARC = YES;
				CLANG_WARN_EMPTY_BODY = YES;
				CLANG_WARN__DUPLICATE_METHOD_MATCH = YES;
				"CODE_SIGN_IDENTITY[sdk=iphoneos*]" = "iPhone Developer";
				COPY_PHASE_STRIP = YES;
				GCC_C_LANGUAGE_STANDARD = gnu99;
				GCC_WARN_ABOUT_RETURN_TYPE = YES;
				GCC_WARN_UNINITIALIZED_AUTOS = YES;
				GCC_WARN_UNUSED_VARIABLE = YES;
				IPHONEOS_DEPLOYMENT_TARGET = 6.0;
				OTHER_CFLAGS = "-DNS_BLOCK_ASSERTIONS=1";
				SDKROOT = iphoneos;
				VALIDATE_PRODUCT = YES;
			};
			name = Release;
		};
		7D95A9B0173E1FB900AE7973 /* Debug */ = {
			isa = XCBuildConfiguration;
			buildSettings = {
				GCC_PRECOMPILE_PREFIX_HEADER = YES;
				GCC_PREFIX_HEADER = "GitExample/GitExample-Prefix.pch";
				INFOPLIST_FILE = "GitExample/GitExample-Info.plist";
				PRODUCT_NAME = "$(TARGET_NAME)";
				WRAPPER_EXTENSION = app;
			};
			name = Debug;
		};
		7D95A9B1173E1FB900AE7973 /* Release */ = {
			isa = XCBuildConfiguration;
			buildSettings = {
				GCC_PRECOMPILE_PREFIX_HEADER = YES;
				GCC_PREFIX_HEADER = "GitExample/GitExample-Prefix.pch";
				INFOPLIST_FILE = "GitExample/GitExample-Info.plist";
				PRODUCT_NAME = "$(TARGET_NAME)";
				WRAPPER_EXTENSION = app;
			};
			name = Release;
		};
/* End XCBuildConfiguration section */

/* Begin XCConfigurationList section */
		7D95A985173E1FB800AE7973 /* Build configuration list for PBXProject "GitExample" */ = {
			isa = XCConfigurationList;
			buildConfigurations = (
				7D95A9AD173E1FB900AE7973 /* Debug */,
				7D95A9AE173E1FB900AE7973 /* Release */,
			);
			defaultConfigurationIsVisible = 0;
			defaultConfigurationName = Release;
		};
		7D95A9AF173E1FB900AE7973 /* Build configuration list for PBXNativeTarget "GitExample" */ = {
			isa = XCConfigurationList;
			buildConfigurations = (
				7D95A9B0173E1FB900AE7973 /* Debug */,
				7D95A9B1173E1FB900AE7973 /* Release */,
			);
			defaultConfigurationIsVisible = 0;
			defaultConfigurationName = Release;
		};
/* End XCConfigurationList section */
	};
	rootObject = 7D95A982173E1FB800AE7973 /* Project object */;
}
